// !$*UTF8*$!
{
	archiveVersion = 1;
	classes = {
	};
	objectVersion = 50;
	objects = {

/* Begin PBXBuildFile section */
		590CB48F2534EE39006E6FE4 /* PlebdokuApp.swift in Sources */ = {isa = PBXBuildFile; fileRef = 590CB48E2534EE39006E6FE4 /* PlebdokuApp.swift */; };
		590CB4912534EE39006E6FE4 /* ContentView.swift in Sources */ = {isa = PBXBuildFile; fileRef = 590CB4902534EE39006E6FE4 /* ContentView.swift */; };
		590CB4932534EE3C006E6FE4 /* Assets.xcassets in Resources */ = {isa = PBXBuildFile; fileRef = 590CB4922534EE3C006E6FE4 /* Assets.xcassets */; };
		590CB4962534EE3C006E6FE4 /* Preview Assets.xcassets in Resources */ = {isa = PBXBuildFile; fileRef = 590CB4952534EE3C006E6FE4 /* Preview Assets.xcassets */; };
		590CB4982534EE3C006E6FE4 /* Persistence.swift in Sources */ = {isa = PBXBuildFile; fileRef = 590CB4972534EE3C006E6FE4 /* Persistence.swift */; };
		590CB49B2534EE3C006E6FE4 /* Plebdoku.xcdatamodeld in Sources */ = {isa = PBXBuildFile; fileRef = 590CB4992534EE3C006E6FE4 /* Plebdoku.xcdatamodeld */; };
		590CB4A62534EE3C006E6FE4 /* PlebdokuTests.swift in Sources */ = {isa = PBXBuildFile; fileRef = 590CB4A52534EE3C006E6FE4 /* PlebdokuTests.swift */; };
		590CB4B12534EE3C006E6FE4 /* PlebdokuUITests.swift in Sources */ = {isa = PBXBuildFile; fileRef = 590CB4B02534EE3C006E6FE4 /* PlebdokuUITests.swift */; };
		590CB4C72534F08C006E6FE4 /* SudokuController.swift in Sources */ = {isa = PBXBuildFile; fileRef = 590CB4C62534F08C006E6FE4 /* SudokuController.swift */; };
		590CB4D125350007006E6FE4 /* PlebdokuView.swift in Sources */ = {isa = PBXBuildFile; fileRef = 590CB4D025350007006E6FE4 /* PlebdokuView.swift */; };
		59762CB725352A7400F743BE /* TimerView.swift in Sources */ = {isa = PBXBuildFile; fileRef = 59762CB625352A7300F743BE /* TimerView.swift */; };
		59CC2C0B25351D4F00061DDC /* NumPad.swift in Sources */ = {isa = PBXBuildFile; fileRef = 59CC2C0A25351D4F00061DDC /* NumPad.swift */; };
		59CC2C1025351E5700061DDC /* GameView.swift in Sources */ = {isa = PBXBuildFile; fileRef = 59CC2C0F25351E5700061DDC /* GameView.swift */; };
/* End PBXBuildFile section */

/* Begin PBXContainerItemProxy section */
		590CB4A22534EE3C006E6FE4 /* PBXContainerItemProxy */ = {
			isa = PBXContainerItemProxy;
			containerPortal = 590CB4832534EE39006E6FE4 /* Project object */;
			proxyType = 1;
			remoteGlobalIDString = 590CB48A2534EE39006E6FE4;
			remoteInfo = Plebdoku;
		};
		590CB4AD2534EE3C006E6FE4 /* PBXContainerItemProxy */ = {
			isa = PBXContainerItemProxy;
			containerPortal = 590CB4832534EE39006E6FE4 /* Project object */;
			proxyType = 1;
			remoteGlobalIDString = 590CB48A2534EE39006E6FE4;
			remoteInfo = Plebdoku;
		};
/* End PBXContainerItemProxy section */

/* Begin PBXFileReference section */
		590CB48B2534EE39006E6FE4 /* Plebdoku.app */ = {isa = PBXFileReference; explicitFileType = wrapper.application; includeInIndex = 0; path = Plebdoku.app; sourceTree = BUILT_PRODUCTS_DIR; };
		590CB48E2534EE39006E6FE4 /* PlebdokuApp.swift */ = {isa = PBXFileReference; lastKnownFileType = sourcecode.swift; path = PlebdokuApp.swift; sourceTree = "<group>"; };
		590CB4902534EE39006E6FE4 /* ContentView.swift */ = {isa = PBXFileReference; lastKnownFileType = sourcecode.swift; path = ContentView.swift; sourceTree = "<group>"; };
		590CB4922534EE3C006E6FE4 /* Assets.xcassets */ = {isa = PBXFileReference; lastKnownFileType = folder.assetcatalog; path = Assets.xcassets; sourceTree = "<group>"; };
		590CB4952534EE3C006E6FE4 /* Preview Assets.xcassets */ = {isa = PBXFileReference; lastKnownFileType = folder.assetcatalog; path = "Preview Assets.xcassets"; sourceTree = "<group>"; };
		590CB4972534EE3C006E6FE4 /* Persistence.swift */ = {isa = PBXFileReference; lastKnownFileType = sourcecode.swift; path = Persistence.swift; sourceTree = "<group>"; };
		590CB49A2534EE3C006E6FE4 /* Plebdoku.xcdatamodel */ = {isa = PBXFileReference; lastKnownFileType = wrapper.xcdatamodel; path = Plebdoku.xcdatamodel; sourceTree = "<group>"; };
		590CB49C2534EE3C006E6FE4 /* Info.plist */ = {isa = PBXFileReference; lastKnownFileType = text.plist.xml; path = Info.plist; sourceTree = "<group>"; };
		590CB4A12534EE3C006E6FE4 /* PlebdokuTests.xctest */ = {isa = PBXFileReference; explicitFileType = wrapper.cfbundle; includeInIndex = 0; path = PlebdokuTests.xctest; sourceTree = BUILT_PRODUCTS_DIR; };
		590CB4A52534EE3C006E6FE4 /* PlebdokuTests.swift */ = {isa = PBXFileReference; lastKnownFileType = sourcecode.swift; path = PlebdokuTests.swift; sourceTree = "<group>"; };
		590CB4A72534EE3C006E6FE4 /* Info.plist */ = {isa = PBXFileReference; lastKnownFileType = text.plist.xml; path = Info.plist; sourceTree = "<group>"; };
		590CB4AC2534EE3C006E6FE4 /* PlebdokuUITests.xctest */ = {isa = PBXFileReference; explicitFileType = wrapper.cfbundle; includeInIndex = 0; path = PlebdokuUITests.xctest; sourceTree = BUILT_PRODUCTS_DIR; };
		590CB4B02534EE3C006E6FE4 /* PlebdokuUITests.swift */ = {isa = PBXFileReference; lastKnownFileType = sourcecode.swift; path = PlebdokuUITests.swift; sourceTree = "<group>"; };
		590CB4B22534EE3C006E6FE4 /* Info.plist */ = {isa = PBXFileReference; lastKnownFileType = text.plist.xml; path = Info.plist; sourceTree = "<group>"; };
		590CB4C62534F08C006E6FE4 /* SudokuController.swift */ = {isa = PBXFileReference; lastKnownFileType = sourcecode.swift; path = SudokuController.swift; sourceTree = "<group>"; };
		590CB4D025350007006E6FE4 /* PlebdokuView.swift */ = {isa = PBXFileReference; lastKnownFileType = sourcecode.swift; path = PlebdokuView.swift; sourceTree = "<group>"; };
		59762CB625352A7300F743BE /* TimerView.swift */ = {isa = PBXFileReference; lastKnownFileType = sourcecode.swift; path = TimerView.swift; sourceTree = "<group>"; };
		59CC2C0A25351D4F00061DDC /* NumPad.swift */ = {isa = PBXFileReference; lastKnownFileType = sourcecode.swift; path = NumPad.swift; sourceTree = "<group>"; };
		59CC2C0F25351E5700061DDC /* GameView.swift */ = {isa = PBXFileReference; lastKnownFileType = sourcecode.swift; path = GameView.swift; sourceTree = "<group>"; };
/* End PBXFileReference section */

/* Begin PBXFrameworksBuildPhase section */
		590CB4882534EE39006E6FE4 /* Frameworks */ = {
			isa = PBXFrameworksBuildPhase;
			buildActionMask = 2147483647;
			files = (
			);
			runOnlyForDeploymentPostprocessing = 0;
		};
		590CB49E2534EE3C006E6FE4 /* Frameworks */ = {
			isa = PBXFrameworksBuildPhase;
			buildActionMask = 2147483647;
			files = (
			);
			runOnlyForDeploymentPostprocessing = 0;
		};
		590CB4A92534EE3C006E6FE4 /* Frameworks */ = {
			isa = PBXFrameworksBuildPhase;
			buildActionMask = 2147483647;
			files = (
			);
			runOnlyForDeploymentPostprocessing = 0;
		};
/* End PBXFrameworksBuildPhase section */

/* Begin PBXGroup section */
		590CB4822534EE39006E6FE4 = {
			isa = PBXGroup;
			children = (
				590CB48D2534EE39006E6FE4 /* Plebdoku */,
				590CB4A42534EE3C006E6FE4 /* PlebdokuTests */,
				590CB4AF2534EE3C006E6FE4 /* PlebdokuUITests */,
				590CB48C2534EE39006E6FE4 /* Products */,
			);
			sourceTree = "<group>";
		};
		590CB48C2534EE39006E6FE4 /* Products */ = {
			isa = PBXGroup;
			children = (
				590CB48B2534EE39006E6FE4 /* Plebdoku.app */,
				590CB4A12534EE3C006E6FE4 /* PlebdokuTests.xctest */,
				590CB4AC2534EE3C006E6FE4 /* PlebdokuUITests.xctest */,
			);
			name = Products;
			sourceTree = "<group>";
		};
		590CB48D2534EE39006E6FE4 /* Plebdoku */ = {
			isa = PBXGroup;
			children = (
				590CB48E2534EE39006E6FE4 /* PlebdokuApp.swift */,
				590CB4CF2534FFF6006E6FE4 /* Model */,
				590CB4CB2534FFEC006E6FE4 /* Views */,
				590CB4C22534F063006E6FE4 /* Controllers */,
				590CB4922534EE3C006E6FE4 /* Assets.xcassets */,
				590CB49C2534EE3C006E6FE4 /* Info.plist */,
				590CB4942534EE3C006E6FE4 /* Preview Content */,
			);
			path = Plebdoku;
			sourceTree = "<group>";
		};
		590CB4942534EE3C006E6FE4 /* Preview Content */ = {
			isa = PBXGroup;
			children = (
				590CB4952534EE3C006E6FE4 /* Preview Assets.xcassets */,
			);
			path = "Preview Content";
			sourceTree = "<group>";
		};
		590CB4A42534EE3C006E6FE4 /* PlebdokuTests */ = {
			isa = PBXGroup;
			children = (
				590CB4A52534EE3C006E6FE4 /* PlebdokuTests.swift */,
				590CB4A72534EE3C006E6FE4 /* Info.plist */,
			);
			path = PlebdokuTests;
			sourceTree = "<group>";
		};
		590CB4AF2534EE3C006E6FE4 /* PlebdokuUITests */ = {
			isa = PBXGroup;
			children = (
				590CB4B02534EE3C006E6FE4 /* PlebdokuUITests.swift */,
				590CB4B22534EE3C006E6FE4 /* Info.plist */,
			);
			path = PlebdokuUITests;
			sourceTree = "<group>";
		};
		590CB4C22534F063006E6FE4 /* Controllers */ = {
			isa = PBXGroup;
			children = (
				590CB4972534EE3C006E6FE4 /* Persistence.swift */,
				590CB4C62534F08C006E6FE4 /* SudokuController.swift */,
			);
			path = Controllers;
			sourceTree = "<group>";
		};
		590CB4CB2534FFEC006E6FE4 /* Views */ = {
			isa = PBXGroup;
			children = (
				590CB4902534EE39006E6FE4 /* ContentView.swift */,
				59CC2C0F25351E5700061DDC /* GameView.swift */,
				590CB4D025350007006E6FE4 /* PlebdokuView.swift */,
				59CC2C0A25351D4F00061DDC /* NumPad.swift */,
				59762CB625352A7300F743BE /* TimerView.swift */,
			);
			path = Views;
			sourceTree = "<group>";
		};
		590CB4CF2534FFF6006E6FE4 /* Model */ = {
			isa = PBXGroup;
			children = (
				590CB4992534EE3C006E6FE4 /* Plebdoku.xcdatamodeld */,
			);
			path = Model;
			sourceTree = "<group>";
		};
/* End PBXGroup section */

/* Begin PBXNativeTarget section */
		590CB48A2534EE39006E6FE4 /* Plebdoku */ = {
			isa = PBXNativeTarget;
			buildConfigurationList = 590CB4B52534EE3C006E6FE4 /* Build configuration list for PBXNativeTarget "Plebdoku" */;
			buildPhases = (
				590CB4872534EE39006E6FE4 /* Sources */,
				590CB4882534EE39006E6FE4 /* Frameworks */,
				590CB4892534EE39006E6FE4 /* Resources */,
			);
			buildRules = (
			);
			dependencies = (
			);
			name = Plebdoku;
			productName = Plebdoku;
			productReference = 590CB48B2534EE39006E6FE4 /* Plebdoku.app */;
			productType = "com.apple.product-type.application";
		};
		590CB4A02534EE3C006E6FE4 /* PlebdokuTests */ = {
			isa = PBXNativeTarget;
			buildConfigurationList = 590CB4B82534EE3C006E6FE4 /* Build configuration list for PBXNativeTarget "PlebdokuTests" */;
			buildPhases = (
				590CB49D2534EE3C006E6FE4 /* Sources */,
				590CB49E2534EE3C006E6FE4 /* Frameworks */,
				590CB49F2534EE3C006E6FE4 /* Resources */,
			);
			buildRules = (
			);
			dependencies = (
				590CB4A32534EE3C006E6FE4 /* PBXTargetDependency */,
			);
			name = PlebdokuTests;
			productName = PlebdokuTests;
			productReference = 590CB4A12534EE3C006E6FE4 /* PlebdokuTests.xctest */;
			productType = "com.apple.product-type.bundle.unit-test";
		};
		590CB4AB2534EE3C006E6FE4 /* PlebdokuUITests */ = {
			isa = PBXNativeTarget;
			buildConfigurationList = 590CB4BB2534EE3C006E6FE4 /* Build configuration list for PBXNativeTarget "PlebdokuUITests" */;
			buildPhases = (
				590CB4A82534EE3C006E6FE4 /* Sources */,
				590CB4A92534EE3C006E6FE4 /* Frameworks */,
				590CB4AA2534EE3C006E6FE4 /* Resources */,
			);
			buildRules = (
			);
			dependencies = (
				590CB4AE2534EE3C006E6FE4 /* PBXTargetDependency */,
			);
			name = PlebdokuUITests;
			productName = PlebdokuUITests;
			productReference = 590CB4AC2534EE3C006E6FE4 /* PlebdokuUITests.xctest */;
			productType = "com.apple.product-type.bundle.ui-testing";
		};
/* End PBXNativeTarget section */

/* Begin PBXProject section */
		590CB4832534EE39006E6FE4 /* Project object */ = {
			isa = PBXProject;
			attributes = {
				LastSwiftUpdateCheck = 1200;
				LastUpgradeCheck = 1200;
				TargetAttributes = {
					590CB48A2534EE39006E6FE4 = {
						CreatedOnToolsVersion = 12.0.1;
					};
					590CB4A02534EE3C006E6FE4 = {
						CreatedOnToolsVersion = 12.0.1;
						TestTargetID = 590CB48A2534EE39006E6FE4;
					};
					590CB4AB2534EE3C006E6FE4 = {
						CreatedOnToolsVersion = 12.0.1;
						TestTargetID = 590CB48A2534EE39006E6FE4;
					};
				};
			};
			buildConfigurationList = 590CB4862534EE39006E6FE4 /* Build configuration list for PBXProject "Plebdoku" */;
			compatibilityVersion = "Xcode 9.3";
			developmentRegion = en;
			hasScannedForEncodings = 0;
			knownRegions = (
				en,
				Base,
			);
			mainGroup = 590CB4822534EE39006E6FE4;
			productRefGroup = 590CB48C2534EE39006E6FE4 /* Products */;
			projectDirPath = "";
			projectRoot = "";
			targets = (
				590CB48A2534EE39006E6FE4 /* Plebdoku */,
				590CB4A02534EE3C006E6FE4 /* PlebdokuTests */,
				590CB4AB2534EE3C006E6FE4 /* PlebdokuUITests */,
			);
		};
/* End PBXProject section */

/* Begin PBXResourcesBuildPhase section */
		590CB4892534EE39006E6FE4 /* Resources */ = {
			isa = PBXResourcesBuildPhase;
			buildActionMask = 2147483647;
			files = (
				590CB4962534EE3C006E6FE4 /* Preview Assets.xcassets in Resources */,
				590CB4932534EE3C006E6FE4 /* Assets.xcassets in Resources */,
			);
			runOnlyForDeploymentPostprocessing = 0;
		};
		590CB49F2534EE3C006E6FE4 /* Resources */ = {
			isa = PBXResourcesBuildPhase;
			buildActionMask = 2147483647;
			files = (
			);
			runOnlyForDeploymentPostprocessing = 0;
		};
		590CB4AA2534EE3C006E6FE4 /* Resources */ = {
			isa = PBXResourcesBuildPhase;
			buildActionMask = 2147483647;
			files = (
			);
			runOnlyForDeploymentPostprocessing = 0;
		};
/* End PBXResourcesBuildPhase section */

/* Begin PBXSourcesBuildPhase section */
		590CB4872534EE39006E6FE4 /* Sources */ = {
			isa = PBXSourcesBuildPhase;
			buildActionMask = 2147483647;
			files = (
				59762CB725352A7400F743BE /* TimerView.swift in Sources */,
				590CB4D125350007006E6FE4 /* PlebdokuView.swift in Sources */,
				590CB4C72534F08C006E6FE4 /* SudokuController.swift in Sources */,
				590CB4982534EE3C006E6FE4 /* Persistence.swift in Sources */,
				590CB4912534EE39006E6FE4 /* ContentView.swift in Sources */,
				590CB48F2534EE39006E6FE4 /* PlebdokuApp.swift in Sources */,
				59CC2C0B25351D4F00061DDC /* NumPad.swift in Sources */,
				59CC2C1025351E5700061DDC /* GameView.swift in Sources */,
				590CB49B2534EE3C006E6FE4 /* Plebdoku.xcdatamodeld in Sources */,
			);
			runOnlyForDeploymentPostprocessing = 0;
		};
		590CB49D2534EE3C006E6FE4 /* Sources */ = {
			isa = PBXSourcesBuildPhase;
			buildActionMask = 2147483647;
			files = (
				590CB4A62534EE3C006E6FE4 /* PlebdokuTests.swift in Sources */,
			);
			runOnlyForDeploymentPostprocessing = 0;
		};
		590CB4A82534EE3C006E6FE4 /* Sources */ = {
			isa = PBXSourcesBuildPhase;
			buildActionMask = 2147483647;
			files = (
				590CB4B12534EE3C006E6FE4 /* PlebdokuUITests.swift in Sources */,
			);
			runOnlyForDeploymentPostprocessing = 0;
		};
/* End PBXSourcesBuildPhase section */

/* Begin PBXTargetDependency section */
		590CB4A32534EE3C006E6FE4 /* PBXTargetDependency */ = {
			isa = PBXTargetDependency;
			target = 590CB48A2534EE39006E6FE4 /* Plebdoku */;
			targetProxy = 590CB4A22534EE3C006E6FE4 /* PBXContainerItemProxy */;
		};
		590CB4AE2534EE3C006E6FE4 /* PBXTargetDependency */ = {
			isa = PBXTargetDependency;
			target = 590CB48A2534EE39006E6FE4 /* Plebdoku */;
			targetProxy = 590CB4AD2534EE3C006E6FE4 /* PBXContainerItemProxy */;
		};
/* End PBXTargetDependency section */

/* Begin XCBuildConfiguration section */
		590CB4B32534EE3C006E6FE4 /* Debug */ = {
			isa = XCBuildConfiguration;
			buildSettings = {
				ALWAYS_SEARCH_USER_PATHS = NO;
				CLANG_ANALYZER_NONNULL = YES;
				CLANG_ANALYZER_NUMBER_OBJECT_CONVERSION = YES_AGGRESSIVE;
				CLANG_CXX_LANGUAGE_STANDARD = "gnu++14";
				CLANG_CXX_LIBRARY = "libc++";
				CLANG_ENABLE_MODULES = YES;
				CLANG_ENABLE_OBJC_ARC = YES;
				CLANG_ENABLE_OBJC_WEAK = YES;
				CLANG_WARN_BLOCK_CAPTURE_AUTORELEASING = YES;
				CLANG_WARN_BOOL_CONVERSION = YES;
				CLANG_WARN_COMMA = YES;
				CLANG_WARN_CONSTANT_CONVERSION = YES;
				CLANG_WARN_DEPRECATED_OBJC_IMPLEMENTATIONS = YES;
				CLANG_WARN_DIRECT_OBJC_ISA_USAGE = YES_ERROR;
				CLANG_WARN_DOCUMENTATION_COMMENTS = YES;
				CLANG_WARN_EMPTY_BODY = YES;
				CLANG_WARN_ENUM_CONVERSION = YES;
				CLANG_WARN_INFINITE_RECURSION = YES;
				CLANG_WARN_INT_CONVERSION = YES;
				CLANG_WARN_NON_LITERAL_NULL_CONVERSION = YES;
				CLANG_WARN_OBJC_IMPLICIT_RETAIN_SELF = YES;
				CLANG_WARN_OBJC_LITERAL_CONVERSION = YES;
				CLANG_WARN_OBJC_ROOT_CLASS = YES_ERROR;
				CLANG_WARN_QUOTED_INCLUDE_IN_FRAMEWORK_HEADER = YES;
				CLANG_WARN_RANGE_LOOP_ANALYSIS = YES;
				CLANG_WARN_STRICT_PROTOTYPES = YES;
				CLANG_WARN_SUSPICIOUS_MOVE = YES;
				CLANG_WARN_UNGUARDED_AVAILABILITY = YES_AGGRESSIVE;
				CLANG_WARN_UNREACHABLE_CODE = YES;
				CLANG_WARN__DUPLICATE_METHOD_MATCH = YES;
				COPY_PHASE_STRIP = NO;
				DEBUG_INFORMATION_FORMAT = dwarf;
				ENABLE_STRICT_OBJC_MSGSEND = YES;
				ENABLE_TESTABILITY = YES;
				GCC_C_LANGUAGE_STANDARD = gnu11;
				GCC_DYNAMIC_NO_PIC = NO;
				GCC_NO_COMMON_BLOCKS = YES;
				GCC_OPTIMIZATION_LEVEL = 0;
				GCC_PREPROCESSOR_DEFINITIONS = (
					"DEBUG=1",
					"$(inherited)",
				);
				GCC_WARN_64_TO_32_BIT_CONVERSION = YES;
				GCC_WARN_ABOUT_RETURN_TYPE = YES_ERROR;
				GCC_WARN_UNDECLARED_SELECTOR = YES;
				GCC_WARN_UNINITIALIZED_AUTOS = YES_AGGRESSIVE;
				GCC_WARN_UNUSED_FUNCTION = YES;
				GCC_WARN_UNUSED_VARIABLE = YES;
				IPHONEOS_DEPLOYMENT_TARGET = 14.0;
				MTL_ENABLE_DEBUG_INFO = INCLUDE_SOURCE;
				MTL_FAST_MATH = YES;
				ONLY_ACTIVE_ARCH = YES;
				SDKROOT = iphoneos;
				SWIFT_ACTIVE_COMPILATION_CONDITIONS = DEBUG;
				SWIFT_OPTIMIZATION_LEVEL = "-Onone";
			};
			name = Debug;
		};
		590CB4B42534EE3C006E6FE4 /* Release */ = {
			isa = XCBuildConfiguration;
			buildSettings = {
				ALWAYS_SEARCH_USER_PATHS = NO;
				CLANG_ANALYZER_NONNULL = YES;
				CLANG_ANALYZER_NUMBER_OBJECT_CONVERSION = YES_AGGRESSIVE;
				CLANG_CXX_LANGUAGE_STANDARD = "gnu++14";
				CLANG_CXX_LIBRARY = "libc++";
				CLANG_ENABLE_MODULES = YES;
				CLANG_ENABLE_OBJC_ARC = YES;
				CLANG_ENABLE_OBJC_WEAK = YES;
				CLANG_WARN_BLOCK_CAPTURE_AUTORELEASING = YES;
				CLANG_WARN_BOOL_CONVERSION = YES;
				CLANG_WARN_COMMA = YES;
				CLANG_WARN_CONSTANT_CONVERSION = YES;
				CLANG_WARN_DEPRECATED_OBJC_IMPLEMENTATIONS = YES;
				CLANG_WARN_DIRECT_OBJC_ISA_USAGE = YES_ERROR;
				CLANG_WARN_DOCUMENTATION_COMMENTS = YES;
				CLANG_WARN_EMPTY_BODY = YES;
				CLANG_WARN_ENUM_CONVERSION = YES;
				CLANG_WARN_INFINITE_RECURSION = YES;
				CLANG_WARN_INT_CONVERSION = YES;
				CLANG_WARN_NON_LITERAL_NULL_CONVERSION = YES;
				CLANG_WARN_OBJC_IMPLICIT_RETAIN_SELF = YES;
				CLANG_WARN_OBJC_LITERAL_CONVERSION = YES;
				CLANG_WARN_OBJC_ROOT_CLASS = YES_ERROR;
				CLANG_WARN_QUOTED_INCLUDE_IN_FRAMEWORK_HEADER = YES;
				CLANG_WARN_RANGE_LOOP_ANALYSIS = YES;
				CLANG_WARN_STRICT_PROTOTYPES = YES;
				CLANG_WARN_SUSPICIOUS_MOVE = YES;
				CLANG_WARN_UNGUARDED_AVAILABILITY = YES_AGGRESSIVE;
				CLANG_WARN_UNREACHABLE_CODE = YES;
				CLANG_WARN__DUPLICATE_METHOD_MATCH = YES;
				COPY_PHASE_STRIP = NO;
				DEBUG_INFORMATION_FORMAT = "dwarf-with-dsym";
				ENABLE_NS_ASSERTIONS = NO;
				ENABLE_STRICT_OBJC_MSGSEND = YES;
				GCC_C_LANGUAGE_STANDARD = gnu11;
				GCC_NO_COMMON_BLOCKS = YES;
				GCC_WARN_64_TO_32_BIT_CONVERSION = YES;
				GCC_WARN_ABOUT_RETURN_TYPE = YES_ERROR;
				GCC_WARN_UNDECLARED_SELECTOR = YES;
				GCC_WARN_UNINITIALIZED_AUTOS = YES_AGGRESSIVE;
				GCC_WARN_UNUSED_FUNCTION = YES;
				GCC_WARN_UNUSED_VARIABLE = YES;
				IPHONEOS_DEPLOYMENT_TARGET = 14.0;
				MTL_ENABLE_DEBUG_INFO = NO;
				MTL_FAST_MATH = YES;
				SDKROOT = iphoneos;
				SWIFT_COMPILATION_MODE = wholemodule;
				SWIFT_OPTIMIZATION_LEVEL = "-O";
				VALIDATE_PRODUCT = YES;
			};
			name = Release;
		};
		590CB4B62534EE3C006E6FE4 /* Debug */ = {
			isa = XCBuildConfiguration;
			buildSettings = {
				ASSETCATALOG_COMPILER_APPICON_NAME = AppIcon;
				ASSETCATALOG_COMPILER_GLOBAL_ACCENT_COLOR_NAME = AccentColor;
				CODE_SIGN_STYLE = Automatic;
				DEVELOPMENT_ASSET_PATHS = "\"Plebdoku/Preview Content\"";
				DEVELOPMENT_TEAM = A4525544Q4;
				ENABLE_PREVIEWS = YES;
				INFOPLIST_FILE = Plebdoku/Info.plist;
				IPHONEOS_DEPLOYMENT_TARGET = 14.0;
				LD_RUNPATH_SEARCH_PATHS = (
					"$(inherited)",
					"@executable_path/Frameworks",
				);
				PRODUCT_BUNDLE_IDENTIFIER = vc.isv.Plebdoku;
				PRODUCT_NAME = "$(TARGET_NAME)";
				SWIFT_VERSION = 5.0;
				TARGETED_DEVICE_FAMILY = "1,2";
			};
			name = Debug;
		};
		590CB4B72534EE3C006E6FE4 /* Release */ = {
			isa = XCBuildConfiguration;
			buildSettings = {
				ASSETCATALOG_COMPILER_APPICON_NAME = AppIcon;
				ASSETCATALOG_COMPILER_GLOBAL_ACCENT_COLOR_NAME = AccentColor;
				CODE_SIGN_STYLE = Automatic;
				DEVELOPMENT_ASSET_PATHS = "\"Plebdoku/Preview Content\"";
				DEVELOPMENT_TEAM = A4525544Q4;
				ENABLE_PREVIEWS = YES;
				INFOPLIST_FILE = Plebdoku/Info.plist;
				IPHONEOS_DEPLOYMENT_TARGET = 14.0;
				LD_RUNPATH_SEARCH_PATHS = (
					"$(inherited)",
					"@executable_path/Frameworks",
				);
				PRODUCT_BUNDLE_IDENTIFIER = vc.isv.Plebdoku;
				PRODUCT_NAME = "$(TARGET_NAME)";
				SWIFT_VERSION = 5.0;
				TARGETED_DEVICE_FAMILY = "1,2";
			};
			name = Release;
		};
		590CB4B92534EE3C006E6FE4 /* Debug */ = {
			isa = XCBuildConfiguration;
			buildSettings = {
				ALWAYS_EMBED_SWIFT_STANDARD_LIBRARIES = YES;
				BUNDLE_LOADER = "$(TEST_HOST)";
				CODE_SIGN_STYLE = Automatic;
				DEVELOPMENT_TEAM = A4525544Q4;
				INFOPLIST_FILE = PlebdokuTests/Info.plist;
				IPHONEOS_DEPLOYMENT_TARGET = 14.0;
				LD_RUNPATH_SEARCH_PATHS = (
					"$(inherited)",
					"@executable_path/Frameworks",
					"@loader_path/Frameworks",
				);
				PRODUCT_BUNDLE_IDENTIFIER = vc.isv.PlebdokuTests;
				PRODUCT_NAME = "$(TARGET_NAME)";
				SWIFT_VERSION = 5.0;
				TARGETED_DEVICE_FAMILY = "1,2";
				TEST_HOST = "$(BUILT_PRODUCTS_DIR)/Plebdoku.app/Plebdoku";
			};
			name = Debug;
		};
		590CB4BA2534EE3C006E6FE4 /* Release */ = {
			isa = XCBuildConfiguration;
			buildSettings = {
				ALWAYS_EMBED_SWIFT_STANDARD_LIBRARIES = YES;
				BUNDLE_LOADER = "$(TEST_HOST)";
				CODE_SIGN_STYLE = Automatic;
				DEVELOPMENT_TEAM = A4525544Q4;
				INFOPLIST_FILE = PlebdokuTests/Info.plist;
				IPHONEOS_DEPLOYMENT_TARGET = 14.0;
				LD_RUNPATH_SEARCH_PATHS = (
					"$(inherited)",
					"@executable_path/Frameworks",
					"@loader_path/Frameworks",
				);
				PRODUCT_BUNDLE_IDENTIFIER = vc.isv.PlebdokuTests;
				PRODUCT_NAME = "$(TARGET_NAME)";
				SWIFT_VERSION = 5.0;
				TARGETED_DEVICE_FAMILY = "1,2";
				TEST_HOST = "$(BUILT_PRODUCTS_DIR)/Plebdoku.app/Plebdoku";
			};
			name = Release;
		};
		590CB4BC2534EE3C006E6FE4 /* Debug */ = {
			isa = XCBuildConfiguration;
			buildSettings = {
				ALWAYS_EMBED_SWIFT_STANDARD_LIBRARIES = YES;
				CODE_SIGN_STYLE = Automatic;
				DEVELOPMENT_TEAM = A4525544Q4;
				INFOPLIST_FILE = PlebdokuUITests/Info.plist;
				LD_RUNPATH_SEARCH_PATHS = (
					"$(inherited)",
					"@executable_path/Frameworks",
					"@loader_path/Frameworks",
				);
				PRODUCT_BUNDLE_IDENTIFIER = vc.isv.PlebdokuUITests;
				PRODUCT_NAME = "$(TARGET_NAME)";
				SWIFT_VERSION = 5.0;
				TARGETED_DEVICE_FAMILY = "1,2";
				TEST_TARGET_NAME = Plebdoku;
			};
			name = Debug;
		};
		590CB4BD2534EE3C006E6FE4 /* Release */ = {
			isa = XCBuildConfiguration;
			buildSettings = {
				ALWAYS_EMBED_SWIFT_STANDARD_LIBRARIES = YES;
				CODE_SIGN_STYLE = Automatic;
				DEVELOPMENT_TEAM = A4525544Q4;
				INFOPLIST_FILE = PlebdokuUITests/Info.plist;
				LD_RUNPATH_SEARCH_PATHS = (
					"$(inherited)",
					"@executable_path/Frameworks",
					"@loader_path/Frameworks",
				);
				PRODUCT_BUNDLE_IDENTIFIER = vc.isv.PlebdokuUITests;
				PRODUCT_NAME = "$(TARGET_NAME)";
				SWIFT_VERSION = 5.0;
				TARGETED_DEVICE_FAMILY = "1,2";
				TEST_TARGET_NAME = Plebdoku;
			};
			name = Release;
		};
/* End XCBuildConfiguration section */

/* Begin XCConfigurationList section */
		590CB4862534EE39006E6FE4 /* Build configuration list for PBXProject "Plebdoku" */ = {
			isa = XCConfigurationList;
			buildConfigurations = (
				590CB4B32534EE3C006E6FE4 /* Debug */,
				590CB4B42534EE3C006E6FE4 /* Release */,
			);
			defaultConfigurationIsVisible = 0;
			defaultConfigurationName = Release;
		};
		590CB4B52534EE3C006E6FE4 /* Build configuration list for PBXNativeTarget "Plebdoku" */ = {
			isa = XCConfigurationList;
			buildConfigurations = (
				590CB4B62534EE3C006E6FE4 /* Debug */,
				590CB4B72534EE3C006E6FE4 /* Release */,
			);
			defaultConfigurationIsVisible = 0;
			defaultConfigurationName = Release;
		};
		590CB4B82534EE3C006E6FE4 /* Build configuration list for PBXNativeTarget "PlebdokuTests" */ = {
			isa = XCConfigurationList;
			buildConfigurations = (
				590CB4B92534EE3C006E6FE4 /* Debug */,
				590CB4BA2534EE3C006E6FE4 /* Release */,
			);
			defaultConfigurationIsVisible = 0;
			defaultConfigurationName = Release;
		};
		590CB4BB2534EE3C006E6FE4 /* Build configuration list for PBXNativeTarget "PlebdokuUITests" */ = {
			isa = XCConfigurationList;
			buildConfigurations = (
				590CB4BC2534EE3C006E6FE4 /* Debug */,
				590CB4BD2534EE3C006E6FE4 /* Release */,
			);
			defaultConfigurationIsVisible = 0;
			defaultConfigurationName = Release;
		};
/* End XCConfigurationList section */

/* Begin XCVersionGroup section */
		590CB4992534EE3C006E6FE4 /* Plebdoku.xcdatamodeld */ = {
			isa = XCVersionGroup;
			children = (
				590CB49A2534EE3C006E6FE4 /* Plebdoku.xcdatamodel */,
			);
			currentVersion = 590CB49A2534EE3C006E6FE4 /* Plebdoku.xcdatamodel */;
			path = Plebdoku.xcdatamodeld;
			sourceTree = "<group>";
			versionGroupType = wrapper.xcdatamodel;
		};
/* End XCVersionGroup section */
	};
	rootObject = 590CB4832534EE39006E6FE4 /* Project object */;
}
